// !$*UTF8*$!
{
	archiveVersion = 1;
	classes = {
	};
	objectVersion = 56;
	objects = {

/* Begin PBXBuildFile section */
		46DD96E22BFC7AD2003E6FF6 /* DokiDokiRaceWatch Watch App.app in Embed Watch Content */ = {isa = PBXBuildFile; fileRef = 46DD96E12BFC7AD2003E6FF6 /* DokiDokiRaceWatch Watch App.app */; settings = {ATTRIBUTES = (RemoveHeadersOnCopy, ); }; };
		46DD96E72BFC7AD2003E6FF6 /* DokiDokiRaceWatchApp.swift in Sources */ = {isa = PBXBuildFile; fileRef = 46DD96E62BFC7AD2003E6FF6 /* DokiDokiRaceWatchApp.swift */; };
		46DD96E92BFC7AD2003E6FF6 /* ContentView.swift in Sources */ = {isa = PBXBuildFile; fileRef = 46DD96E82BFC7AD2003E6FF6 /* ContentView.swift */; };
		46DD96EB2BFC7AD3003E6FF6 /* Assets.xcassets in Resources */ = {isa = PBXBuildFile; fileRef = 46DD96EA2BFC7AD3003E6FF6 /* Assets.xcassets */; };
		46DD96EE2BFC7AD3003E6FF6 /* Preview Assets.xcassets in Resources */ = {isa = PBXBuildFile; fileRef = 46DD96ED2BFC7AD3003E6FF6 /* Preview Assets.xcassets */; };
/* End PBXBuildFile section */

/* Begin PBXContainerItemProxy section */
		46DD96E32BFC7AD2003E6FF6 /* PBXContainerItemProxy */ = {
			isa = PBXContainerItemProxy;
			containerPortal = 46DD96D52BFC7AD2003E6FF6 /* Project object */;
			proxyType = 1;
			remoteGlobalIDString = 46DD96E02BFC7AD2003E6FF6;
			remoteInfo = "DokiDokiRaceWatch Watch App";
		};
/* End PBXContainerItemProxy section */

/* Begin PBXCopyFilesBuildPhase section */
		46DD96F42BFC7AD3003E6FF6 /* Embed Watch Content */ = {
			isa = PBXCopyFilesBuildPhase;
			buildActionMask = 2147483647;
			dstPath = "$(CONTENTS_FOLDER_PATH)/Watch";
			dstSubfolderSpec = 16;
			files = (
				46DD96E22BFC7AD2003E6FF6 /* DokiDokiRaceWatch Watch App.app in Embed Watch Content */,
			);
			name = "Embed Watch Content";
			runOnlyForDeploymentPostprocessing = 0;
		};
/* End PBXCopyFilesBuildPhase section */

/* Begin PBXFileReference section */
		46DD96DB2BFC7AD2003E6FF6 /* DokiDokiRaceWatch.app */ = {isa = PBXFileReference; explicitFileType = wrapper.application; includeInIndex = 0; path = DokiDokiRaceWatch.app; sourceTree = BUILT_PRODUCTS_DIR; };
		46DD96E12BFC7AD2003E6FF6 /* DokiDokiRaceWatch Watch App.app */ = {isa = PBXFileReference; explicitFileType = wrapper.application; includeInIndex = 0; path = "DokiDokiRaceWatch Watch App.app"; sourceTree = BUILT_PRODUCTS_DIR; };
		46DD96E62BFC7AD2003E6FF6 /* DokiDokiRaceWatchApp.swift */ = {isa = PBXFileReference; lastKnownFileType = sourcecode.swift; path = DokiDokiRaceWatchApp.swift; sourceTree = "<group>"; };
		46DD96E82BFC7AD2003E6FF6 /* ContentView.swift */ = {isa = PBXFileReference; lastKnownFileType = sourcecode.swift; path = ContentView.swift; sourceTree = "<group>"; };
		46DD96EA2BFC7AD3003E6FF6 /* Assets.xcassets */ = {isa = PBXFileReference; lastKnownFileType = folder.assetcatalog; path = Assets.xcassets; sourceTree = "<group>"; };
		46DD96ED2BFC7AD3003E6FF6 /* Preview Assets.xcassets */ = {isa = PBXFileReference; lastKnownFileType = folder.assetcatalog; path = "Preview Assets.xcassets"; sourceTree = "<group>"; };
/* End PBXFileReference section */

/* Begin PBXFrameworksBuildPhase section */
		46DD96DE2BFC7AD2003E6FF6 /* Frameworks */ = {
			isa = PBXFrameworksBuildPhase;
			buildActionMask = 2147483647;
			files = (
			);
			runOnlyForDeploymentPostprocessing = 0;
		};
/* End PBXFrameworksBuildPhase section */

/* Begin PBXGroup section */
		46DD96D42BFC7AD2003E6FF6 = {
			isa = PBXGroup;
			children = (
				46DD96E52BFC7AD2003E6FF6 /* DokiDokiRaceWatch Watch App */,
				46DD96DC2BFC7AD2003E6FF6 /* Products */,
			);
			sourceTree = "<group>";
		};
		46DD96DC2BFC7AD2003E6FF6 /* Products */ = {
			isa = PBXGroup;
			children = (
				46DD96DB2BFC7AD2003E6FF6 /* DokiDokiRaceWatch.app */,
				46DD96E12BFC7AD2003E6FF6 /* DokiDokiRaceWatch Watch App.app */,
			);
			name = Products;
			sourceTree = "<group>";
		};
		46DD96E52BFC7AD2003E6FF6 /* DokiDokiRaceWatch Watch App */ = {
			isa = PBXGroup;
			children = (
				46DD96E62BFC7AD2003E6FF6 /* DokiDokiRaceWatchApp.swift */,
				46DD96E82BFC7AD2003E6FF6 /* ContentView.swift */,
				46DD96EA2BFC7AD3003E6FF6 /* Assets.xcassets */,
				46DD96EC2BFC7AD3003E6FF6 /* Preview Content */,
			);
			path = "DokiDokiRaceWatch Watch App";
			sourceTree = "<group>";
		};
		46DD96EC2BFC7AD3003E6FF6 /* Preview Content */ = {
			isa = PBXGroup;
			children = (
				46DD96ED2BFC7AD3003E6FF6 /* Preview Assets.xcassets */,
			);
			path = "Preview Content";
			sourceTree = "<group>";
		};
/* End PBXGroup section */

/* Begin PBXNativeTarget section */
		46DD96DA2BFC7AD2003E6FF6 /* DokiDokiRaceWatch */ = {
			isa = PBXNativeTarget;
			buildConfigurationList = 46DD96F52BFC7AD3003E6FF6 /* Build configuration list for PBXNativeTarget "DokiDokiRaceWatch" */;
			buildPhases = (
				46DD96D92BFC7AD2003E6FF6 /* Resources */,
				46DD96F42BFC7AD3003E6FF6 /* Embed Watch Content */,
			);
			buildRules = (
			);
			dependencies = (
				46DD96E42BFC7AD2003E6FF6 /* PBXTargetDependency */,
			);
			name = DokiDokiRaceWatch;
			productName = DokiDokiRaceWatch;
			productReference = 46DD96DB2BFC7AD2003E6FF6 /* DokiDokiRaceWatch.app */;
			productType = "com.apple.product-type.application.watchapp2-container";
		};
		46DD96E02BFC7AD2003E6FF6 /* DokiDokiRaceWatch Watch App */ = {
			isa = PBXNativeTarget;
			buildConfigurationList = 46DD96F12BFC7AD3003E6FF6 /* Build configuration list for PBXNativeTarget "DokiDokiRaceWatch Watch App" */;
			buildPhases = (
				46DD96DD2BFC7AD2003E6FF6 /* Sources */,
				46DD96DE2BFC7AD2003E6FF6 /* Frameworks */,
				46DD96DF2BFC7AD2003E6FF6 /* Resources */,
			);
			buildRules = (
			);
			dependencies = (
			);
			name = "DokiDokiRaceWatch Watch App";
			productName = "DokiDokiRaceWatch Watch App";
			productReference = 46DD96E12BFC7AD2003E6FF6 /* DokiDokiRaceWatch Watch App.app */;
			productType = "com.apple.product-type.application";
		};
/* End PBXNativeTarget section */

/* Begin PBXProject section */
		46DD96D52BFC7AD2003E6FF6 /* Project object */ = {
			isa = PBXProject;
			attributes = {
				BuildIndependentTargetsInParallel = 1;
				LastSwiftUpdateCheck = 1540;
				LastUpgradeCheck = 1540;
				TargetAttributes = {
					46DD96DA2BFC7AD2003E6FF6 = {
						CreatedOnToolsVersion = 15.4;
					};
					46DD96E02BFC7AD2003E6FF6 = {
						CreatedOnToolsVersion = 15.4;
					};
				};
			};
			buildConfigurationList = 46DD96D82BFC7AD2003E6FF6 /* Build configuration list for PBXProject "DokiDokiRaceWatch" */;
			compatibilityVersion = "Xcode 14.0";
			developmentRegion = en;
			hasScannedForEncodings = 0;
			knownRegions = (
				en,
				Base,
			);
			mainGroup = 46DD96D42BFC7AD2003E6FF6;
			productRefGroup = 46DD96DC2BFC7AD2003E6FF6 /* Products */;
			projectDirPath = "";
			projectRoot = "";
			targets = (
				46DD96DA2BFC7AD2003E6FF6 /* DokiDokiRaceWatch */,
				46DD96E02BFC7AD2003E6FF6 /* DokiDokiRaceWatch Watch App */,
			);
		};
/* End PBXProject section */

/* Begin PBXResourcesBuildPhase section */
		46DD96D92BFC7AD2003E6FF6 /* Resources */ = {
			isa = PBXResourcesBuildPhase;
			buildActionMask = 2147483647;
			files = (
			);
			runOnlyForDeploymentPostprocessing = 0;
		};
		46DD96DF2BFC7AD2003E6FF6 /* Resources */ = {
			isa = PBXResourcesBuildPhase;
			buildActionMask = 2147483647;
			files = (
				46DD96EE2BFC7AD3003E6FF6 /* Preview Assets.xcassets in Resources */,
				46DD96EB2BFC7AD3003E6FF6 /* Assets.xcassets in Resources */,
			);
			runOnlyForDeploymentPostprocessing = 0;
		};
/* End PBXResourcesBuildPhase section */

/* Begin PBXSourcesBuildPhase section */
		46DD96DD2BFC7AD2003E6FF6 /* Sources */ = {
			isa = PBXSourcesBuildPhase;
			buildActionMask = 2147483647;
			files = (
				46DD96E92BFC7AD2003E6FF6 /* ContentView.swift in Sources */,
				46DD96E72BFC7AD2003E6FF6 /* DokiDokiRaceWatchApp.swift in Sources */,
			);
			runOnlyForDeploymentPostprocessing = 0;
		};
/* End PBXSourcesBuildPhase section */

/* Begin PBXTargetDependency section */
		46DD96E42BFC7AD2003E6FF6 /* PBXTargetDependency */ = {
			isa = PBXTargetDependency;
			target = 46DD96E02BFC7AD2003E6FF6 /* DokiDokiRaceWatch Watch App */;
			targetProxy = 46DD96E32BFC7AD2003E6FF6 /* PBXContainerItemProxy */;
		};
/* End PBXTargetDependency section */

/* Begin XCBuildConfiguration section */
		46DD96EF2BFC7AD3003E6FF6 /* Debug */ = {
			isa = XCBuildConfiguration;
			buildSettings = {
				ALWAYS_SEARCH_USER_PATHS = NO;
				ASSETCATALOG_COMPILER_GENERATE_SWIFT_ASSET_SYMBOL_EXTENSIONS = YES;
				CLANG_ANALYZER_NONNULL = YES;
				CLANG_ANALYZER_NUMBER_OBJECT_CONVERSION = YES_AGGRESSIVE;
				CLANG_CXX_LANGUAGE_STANDARD = "gnu++20";
				CLANG_ENABLE_MODULES = YES;
				CLANG_ENABLE_OBJC_ARC = YES;
				CLANG_ENABLE_OBJC_WEAK = YES;
				CLANG_WARN_BLOCK_CAPTURE_AUTORELEASING = YES;
				CLANG_WARN_BOOL_CONVERSION = YES;
				CLANG_WARN_COMMA = YES;
				CLANG_WARN_CONSTANT_CONVERSION = YES;
				CLANG_WARN_DEPRECATED_OBJC_IMPLEMENTATIONS = YES;
				CLANG_WARN_DIRECT_OBJC_ISA_USAGE = YES_ERROR;
				CLANG_WARN_DOCUMENTATION_COMMENTS = YES;
				CLANG_WARN_EMPTY_BODY = YES;
				CLANG_WARN_ENUM_CONVERSION = YES;
				CLANG_WARN_INFINITE_RECURSION = YES;
				CLANG_WARN_INT_CONVERSION = YES;
				CLANG_WARN_NON_LITERAL_NULL_CONVERSION = YES;
				CLANG_WARN_OBJC_IMPLICIT_RETAIN_SELF = YES;
				CLANG_WARN_OBJC_LITERAL_CONVERSION = YES;
				CLANG_WARN_OBJC_ROOT_CLASS = YES_ERROR;
				CLANG_WARN_QUOTED_INCLUDE_IN_FRAMEWORK_HEADER = YES;
				CLANG_WARN_RANGE_LOOP_ANALYSIS = YES;
				CLANG_WARN_STRICT_PROTOTYPES = YES;
				CLANG_WARN_SUSPICIOUS_MOVE = YES;
				CLANG_WARN_UNGUARDED_AVAILABILITY = YES_AGGRESSIVE;
				CLANG_WARN_UNREACHABLE_CODE = YES;
				CLANG_WARN__DUPLICATE_METHOD_MATCH = YES;
				COPY_PHASE_STRIP = NO;
				DEBUG_INFORMATION_FORMAT = dwarf;
				ENABLE_STRICT_OBJC_MSGSEND = YES;
				ENABLE_TESTABILITY = YES;
				ENABLE_USER_SCRIPT_SANDBOXING = YES;
				GCC_C_LANGUAGE_STANDARD = gnu17;
				GCC_DYNAMIC_NO_PIC = NO;
				GCC_NO_COMMON_BLOCKS = YES;
				GCC_OPTIMIZATION_LEVEL = 0;
				GCC_PREPROCESSOR_DEFINITIONS = (
					"DEBUG=1",
					"$(inherited)",
				);
				GCC_WARN_64_TO_32_BIT_CONVERSION = YES;
				GCC_WARN_ABOUT_RETURN_TYPE = YES_ERROR;
				GCC_WARN_UNDECLARED_SELECTOR = YES;
				GCC_WARN_UNINITIALIZED_AUTOS = YES_AGGRESSIVE;
				GCC_WARN_UNUSED_FUNCTION = YES;
				GCC_WARN_UNUSED_VARIABLE = YES;
				LOCALIZATION_PREFERS_STRING_CATALOGS = YES;
				MTL_ENABLE_DEBUG_INFO = INCLUDE_SOURCE;
				MTL_FAST_MATH = YES;
				ONLY_ACTIVE_ARCH = YES;
				SWIFT_ACTIVE_COMPILATION_CONDITIONS = "DEBUG $(inherited)";
				SWIFT_OPTIMIZATION_LEVEL = "-Onone";
			};
			name = Debug;
		};
		46DD96F02BFC7AD3003E6FF6 /* Release */ = {
			isa = XCBuildConfiguration;
			buildSettings = {
				ALWAYS_SEARCH_USER_PATHS = NO;
				ASSETCATALOG_COMPILER_GENERATE_SWIFT_ASSET_SYMBOL_EXTENSIONS = YES;
				CLANG_ANALYZER_NONNULL = YES;
				CLANG_ANALYZER_NUMBER_OBJECT_CONVERSION = YES_AGGRESSIVE;
				CLANG_CXX_LANGUAGE_STANDARD = "gnu++20";
				CLANG_ENABLE_MODULES = YES;
				CLANG_ENABLE_OBJC_ARC = YES;
				CLANG_ENABLE_OBJC_WEAK = YES;
				CLANG_WARN_BLOCK_CAPTURE_AUTORELEASING = YES;
				CLANG_WARN_BOOL_CONVERSION = YES;
				CLANG_WARN_COMMA = YES;
				CLANG_WARN_CONSTANT_CONVERSION = YES;
				CLANG_WARN_DEPRECATED_OBJC_IMPLEMENTATIONS = YES;
				CLANG_WARN_DIRECT_OBJC_ISA_USAGE = YES_ERROR;
				CLANG_WARN_DOCUMENTATION_COMMENTS = YES;
				CLANG_WARN_EMPTY_BODY = YES;
				CLANG_WARN_ENUM_CONVERSION = YES;
				CLANG_WARN_INFINITE_RECURSION = YES;
				CLANG_WARN_INT_CONVERSION = YES;
				CLANG_WARN_NON_LITERAL_NULL_CONVERSION = YES;
				CLANG_WARN_OBJC_IMPLICIT_RETAIN_SELF = YES;
				CLANG_WARN_OBJC_LITERAL_CONVERSION = YES;
				CLANG_WARN_OBJC_ROOT_CLASS = YES_ERROR;
				CLANG_WARN_QUOTED_INCLUDE_IN_FRAMEWORK_HEADER = YES;
				CLANG_WARN_RANGE_LOOP_ANALYSIS = YES;
				CLANG_WARN_STRICT_PROTOTYPES = YES;
				CLANG_WARN_SUSPICIOUS_MOVE = YES;
				CLANG_WARN_UNGUARDED_AVAILABILITY = YES_AGGRESSIVE;
				CLANG_WARN_UNREACHABLE_CODE = YES;
				CLANG_WARN__DUPLICATE_METHOD_MATCH = YES;
				COPY_PHASE_STRIP = NO;
				DEBUG_INFORMATION_FORMAT = "dwarf-with-dsym";
				ENABLE_NS_ASSERTIONS = NO;
				ENABLE_STRICT_OBJC_MSGSEND = YES;
				ENABLE_USER_SCRIPT_SANDBOXING = YES;
				GCC_C_LANGUAGE_STANDARD = gnu17;
				GCC_NO_COMMON_BLOCKS = YES;
				GCC_WARN_64_TO_32_BIT_CONVERSION = YES;
				GCC_WARN_ABOUT_RETURN_TYPE = YES_ERROR;
				GCC_WARN_UNDECLARED_SELECTOR = YES;
				GCC_WARN_UNINITIALIZED_AUTOS = YES_AGGRESSIVE;
				GCC_WARN_UNUSED_FUNCTION = YES;
				GCC_WARN_UNUSED_VARIABLE = YES;
				LOCALIZATION_PREFERS_STRING_CATALOGS = YES;
				MTL_ENABLE_DEBUG_INFO = NO;
				MTL_FAST_MATH = YES;
				SWIFT_COMPILATION_MODE = wholemodule;
			};
			name = Release;
		};
		46DD96F22BFC7AD3003E6FF6 /* Debug */ = {
			isa = XCBuildConfiguration;
			buildSettings = {
				ASSETCATALOG_COMPILER_APPICON_NAME = AppIcon;
				ASSETCATALOG_COMPILER_GLOBAL_ACCENT_COLOR_NAME = AccentColor;
				CODE_SIGN_STYLE = Automatic;
				CURRENT_PROJECT_VERSION = 1;
				DEVELOPMENT_ASSET_PATHS = "\"DokiDokiRaceWatch Watch App/Preview Content\"";
				DEVELOPMENT_TEAM = F7WR45KMA2;
				ENABLE_PREVIEWS = YES;
				GENERATE_INFOPLIST_FILE = YES;
				INFOPLIST_KEY_CFBundleDisplayName = DokiDokiRaceWatch;
				INFOPLIST_KEY_UISupportedInterfaceOrientations = "UIInterfaceOrientationPortrait UIInterfaceOrientationPortraitUpsideDown";
				INFOPLIST_KEY_WKWatchOnly = YES;
				LD_RUNPATH_SEARCH_PATHS = (
					"$(inherited)",
					"@executable_path/Frameworks",
				);
				MARKETING_VERSION = 1.0;
				PRODUCT_BUNDLE_IDENTIFIER = "com.rbrata24-app.DokiDokiRaceWatch.watchkitapp";
				PRODUCT_NAME = "$(TARGET_NAME)";
				SDKROOT = watchos;
				SKIP_INSTALL = YES;
				SWIFT_EMIT_LOC_STRINGS = YES;
				SWIFT_VERSION = 5.0;
				TARGETED_DEVICE_FAMILY = 4;
				WATCHOS_DEPLOYMENT_TARGET = 10.5;
			};
			name = Debug;
		};
		46DD96F32BFC7AD3003E6FF6 /* Release */ = {
			isa = XCBuildConfiguration;
			buildSettings = {
				ASSETCATALOG_COMPILER_APPICON_NAME = AppIcon;
				ASSETCATALOG_COMPILER_GLOBAL_ACCENT_COLOR_NAME = AccentColor;
				CODE_SIGN_STYLE = Automatic;
				CURRENT_PROJECT_VERSION = 1;
				DEVELOPMENT_ASSET_PATHS = "\"DokiDokiRaceWatch Watch App/Preview Content\"";
				DEVELOPMENT_TEAM = F7WR45KMA2;
				ENABLE_PREVIEWS = YES;
				GENERATE_INFOPLIST_FILE = YES;
				INFOPLIST_KEY_CFBundleDisplayName = DokiDokiRaceWatch;
				INFOPLIST_KEY_UISupportedInterfaceOrientations = "UIInterfaceOrientationPortrait UIInterfaceOrientationPortraitUpsideDown";
				INFOPLIST_KEY_WKWatchOnly = YES;
				LD_RUNPATH_SEARCH_PATHS = (
					"$(inherited)",
					"@executable_path/Frameworks",
				);
				MARKETING_VERSION = 1.0;
				PRODUCT_BUNDLE_IDENTIFIER = "com.rbrata24-app.DokiDokiRaceWatch.watchkitapp";
				PRODUCT_NAME = "$(TARGET_NAME)";
				SDKROOT = watchos;
				SKIP_INSTALL = YES;
				SWIFT_EMIT_LOC_STRINGS = YES;
				SWIFT_VERSION = 5.0;
				TARGETED_DEVICE_FAMILY = 4;
				VALIDATE_PRODUCT = YES;
				WATCHOS_DEPLOYMENT_TARGET = 10.5;
			};
			name = Release;
		};
		46DD96F62BFC7AD3003E6FF6 /* Debug */ = {
			isa = XCBuildConfiguration;
			buildSettings = {
				ALWAYS_EMBED_SWIFT_STANDARD_LIBRARIES = YES;
				CODE_SIGN_STYLE = Automatic;
				CURRENT_PROJECT_VERSION = 1;
				DEVELOPMENT_TEAM = F7WR45KMA2;
				INFOPLIST_KEY_CFBundleDisplayName = DokiDokiRaceWatch;
				MARKETING_VERSION = 1.0;
				PRODUCT_BUNDLE_IDENTIFIER = "com.rbrata24-app.DokiDokiRaceWatch";
				PRODUCT_NAME = "$(TARGET_NAME)";
				SDKROOT = iphoneos;
				SWIFT_VERSION = 5.0;
			};
			name = Debug;
		};
		46DD96F72BFC7AD3003E6FF6 /* Release */ = {
			isa = XCBuildConfiguration;
			buildSettings = {
				ALWAYS_EMBED_SWIFT_STANDARD_LIBRARIES = YES;
				CODE_SIGN_STYLE = Automatic;
				CURRENT_PROJECT_VERSION = 1;
				DEVELOPMENT_TEAM = F7WR45KMA2;
				INFOPLIST_KEY_CFBundleDisplayName = DokiDokiRaceWatch;
				MARKETING_VERSION = 1.0;
				PRODUCT_BUNDLE_IDENTIFIER = "com.rbrata24-app.DokiDokiRaceWatch";
				PRODUCT_NAME = "$(TARGET_NAME)";
				SDKROOT = iphoneos;
				SWIFT_VERSION = 5.0;
				VALIDATE_PRODUCT = YES;
			};
			name = Release;
		};
/* End XCBuildConfiguration section */

/* Begin XCConfigurationList section */
		46DD96D82BFC7AD2003E6FF6 /* Build configuration list for PBXProject "DokiDokiRaceWatch" */ = {
			isa = XCConfigurationList;
			buildConfigurations = (
				46DD96EF2BFC7AD3003E6FF6 /* Debug */,
				46DD96F02BFC7AD3003E6FF6 /* Release */,
			);
			defaultConfigurationIsVisible = 0;
			defaultConfigurationName = Release;
		};
		46DD96F12BFC7AD3003E6FF6 /* Build configuration list for PBXNativeTarget "DokiDokiRaceWatch Watch App" */ = {
			isa = XCConfigurationList;
			buildConfigurations = (
				46DD96F22BFC7AD3003E6FF6 /* Debug */,
				46DD96F32BFC7AD3003E6FF6 /* Release */,
			);
			defaultConfigurationIsVisible = 0;
			defaultConfigurationName = Release;
		};
		46DD96F52BFC7AD3003E6FF6 /* Build configuration list for PBXNativeTarget "DokiDokiRaceWatch" */ = {
			isa = XCConfigurationList;
			buildConfigurations = (
				46DD96F62BFC7AD3003E6FF6 /* Debug */,
				46DD96F72BFC7AD3003E6FF6 /* Release */,
			);
			defaultConfigurationIsVisible = 0;
			defaultConfigurationName = Release;
		};
/* End XCConfigurationList section */
	};
	rootObject = 46DD96D52BFC7AD2003E6FF6 /* Project object */;
}
